
Microsoft Visual Studio Solution File, Format Version 12.00
# Visual Studio 15
VisualStudioVersion = 15.0.26430.13
MinimumVisualStudioVersion = 10.0.40219.1
Project("{FAE04EC0-301F-11D3-BF4B-00C04F79EFBC}") = "UFCW", "UFCW\UFCW.csproj", "{7041522B-6406-4AA7-8C6D-8AD1661DD392}"
EndProject
Project("{FAE04EC0-301F-11D3-BF4B-00C04F79EFBC}") = "UFCW.Droid", "UFCW.Droid\UFCW.Droid.csproj", "{B6C3195C-0075-436E-826B-FEF49284DD32}"
EndProject
Project("{FAE04EC0-301F-11D3-BF4B-00C04F79EFBC}") = "UFCW.iOS", "UFCW.iOS\UFCW.iOS.csproj", "{45DA7B47-C579-4BC1-B1E5-97EEA0C669CD}"
EndProject
Project("{D954291E-2A0B-460D-934E-DC6B0785DB48}") = "UFCW.Services", "UFCW.Services\UFCW.Services.shproj", "{E46D7B62-6597-4CE1-97CA-C86E631BC978}"
EndProject
Global
	GlobalSection(SharedMSBuildProjectFiles) = preSolution
		UFCW.Services\UFCW.Services.projitems*{7041522b-6406-4aa7-8c6d-8ad1661dd392}*SharedItemsImports = 4
		UFCW.Services\UFCW.Services.projitems*{e46d7b62-6597-4ce1-97ca-c86e631bc978}*SharedItemsImports = 13
	EndGlobalSection
	GlobalSection(SolutionConfigurationPlatforms) = preSolution
		Debug|Any CPU = Debug|Any CPU
		Debug|iPhone = Debug|iPhone
		Debug|iPhoneSimulator = Debug|iPhoneSimulator
		PlayerDebug|Any CPU = PlayerDebug|Any CPU
		PlayerDebug|iPhone = PlayerDebug|iPhone
		PlayerDebug|iPhoneSimulator = PlayerDebug|iPhoneSimulator
		Release|Any CPU = Release|Any CPU
		Release|iPhone = Release|iPhone
		Release|iPhoneSimulator = Release|iPhoneSimulator
	EndGlobalSection
	GlobalSection(ProjectConfigurationPlatforms) = postSolution
		{7041522B-6406-4AA7-8C6D-8AD1661DD392}.Debug|Any CPU.ActiveCfg = Debug|Any CPU
		{7041522B-6406-4AA7-8C6D-8AD1661DD392}.Debug|Any CPU.Build.0 = Debug|Any CPU
		{7041522B-6406-4AA7-8C6D-8AD1661DD392}.Debug|iPhone.ActiveCfg = Debug|Any CPU
		{7041522B-6406-4AA7-8C6D-8AD1661DD392}.Debug|iPhone.Build.0 = Debug|Any CPU
		{7041522B-6406-4AA7-8C6D-8AD1661DD392}.Debug|iPhoneSimulator.ActiveCfg = Debug|Any CPU
		{7041522B-6406-4AA7-8C6D-8AD1661DD392}.Debug|iPhoneSimulator.Build.0 = Debug|Any CPU
		{7041522B-6406-4AA7-8C6D-8AD1661DD392}.PlayerDebug|Any CPU.ActiveCfg = Debug|Any CPU
		{7041522B-6406-4AA7-8C6D-8AD1661DD392}.PlayerDebug|Any CPU.Build.0 = Debug|Any CPU
		{7041522B-6406-4AA7-8C6D-8AD1661DD392}.PlayerDebug|iPhone.ActiveCfg = Debug|Any CPU
		{7041522B-6406-4AA7-8C6D-8AD1661DD392}.PlayerDebug|iPhone.Build.0 = Debug|Any CPU
		{7041522B-6406-4AA7-8C6D-8AD1661DD392}.PlayerDebug|iPhoneSimulator.ActiveCfg = Debug|Any CPU
		{7041522B-6406-4AA7-8C6D-8AD1661DD392}.PlayerDebug|iPhoneSimulator.Build.0 = Debug|Any CPU
		{7041522B-6406-4AA7-8C6D-8AD1661DD392}.Release|Any CPU.ActiveCfg = Release|Any CPU
		{7041522B-6406-4AA7-8C6D-8AD1661DD392}.Release|Any CPU.Build.0 = Release|Any CPU
		{7041522B-6406-4AA7-8C6D-8AD1661DD392}.Release|iPhone.ActiveCfg = Release|Any CPU
		{7041522B-6406-4AA7-8C6D-8AD1661DD392}.Release|iPhone.Build.0 = Release|Any CPU
		{7041522B-6406-4AA7-8C6D-8AD1661DD392}.Release|iPhoneSimulator.ActiveCfg = Release|Any CPU
		{7041522B-6406-4AA7-8C6D-8AD1661DD392}.Release|iPhoneSimulator.Build.0 = Release|Any CPU
		{B6C3195C-0075-436E-826B-FEF49284DD32}.Debug|Any CPU.ActiveCfg = Debug|Any CPU
		{B6C3195C-0075-436E-826B-FEF49284DD32}.Debug|Any CPU.Build.0 = Debug|Any CPU
		{B6C3195C-0075-436E-826B-FEF49284DD32}.Debug|Any CPU.Deploy.0 = Debug|Any CPU
		{B6C3195C-0075-436E-826B-FEF49284DD32}.Debug|iPhone.ActiveCfg = Debug|Any CPU
		{B6C3195C-0075-436E-826B-FEF49284DD32}.Debug|iPhone.Build.0 = Debug|Any CPU
		{B6C3195C-0075-436E-826B-FEF49284DD32}.Debug|iPhoneSimulator.ActiveCfg = Debug|Any CPU
		{B6C3195C-0075-436E-826B-FEF49284DD32}.Debug|iPhoneSimulator.Build.0 = Debug|Any CPU
		{B6C3195C-0075-436E-826B-FEF49284DD32}.PlayerDebug|Any CPU.ActiveCfg = PlayerDebug|Any CPU
		{B6C3195C-0075-436E-826B-FEF49284DD32}.PlayerDebug|Any CPU.Build.0 = PlayerDebug|Any CPU
		{B6C3195C-0075-436E-826B-FEF49284DD32}.PlayerDebug|Any CPU.Deploy.0 = PlayerDebug|Any CPU
		{B6C3195C-0075-436E-826B-FEF49284DD32}.PlayerDebug|iPhone.ActiveCfg = PlayerDebug|Any CPU
		{B6C3195C-0075-436E-826B-FEF49284DD32}.PlayerDebug|iPhone.Build.0 = PlayerDebug|Any CPU
		{B6C3195C-0075-436E-826B-FEF49284DD32}.PlayerDebug|iPhoneSimulator.ActiveCfg = PlayerDebug|Any CPU
		{B6C3195C-0075-436E-826B-FEF49284DD32}.PlayerDebug|iPhoneSimulator.Build.0 = PlayerDebug|Any CPU
		{B6C3195C-0075-436E-826B-FEF49284DD32}.Release|Any CPU.ActiveCfg = Release|Any CPU
		{B6C3195C-0075-436E-826B-FEF49284DD32}.Release|Any CPU.Build.0 = Release|Any CPU
		{B6C3195C-0075-436E-826B-FEF49284DD32}.Release|iPhone.ActiveCfg = Release|Any CPU
		{B6C3195C-0075-436E-826B-FEF49284DD32}.Release|iPhone.Build.0 = Release|Any CPU
		{B6C3195C-0075-436E-826B-FEF49284DD32}.Release|iPhoneSimulator.ActiveCfg = Release|Any CPU
		{B6C3195C-0075-436E-826B-FEF49284DD32}.Release|iPhoneSimulator.Build.0 = Release|Any CPU
		{45DA7B47-C579-4BC1-B1E5-97EEA0C669CD}.Debug|Any CPU.ActiveCfg = Debug|iPhoneSimulator
		{45DA7B47-C579-4BC1-B1E5-97EEA0C669CD}.Debug|Any CPU.Build.0 = Debug|iPhoneSimulator
		{45DA7B47-C579-4BC1-B1E5-97EEA0C669CD}.Debug|iPhone.ActiveCfg = Debug|iPhone
		{45DA7B47-C579-4BC1-B1E5-97EEA0C669CD}.Debug|iPhone.Build.0 = Debug|iPhone
		{45DA7B47-C579-4BC1-B1E5-97EEA0C669CD}.Debug|iPhoneSimulator.ActiveCfg = Debug|iPhoneSimulator
		{45DA7B47-C579-4BC1-B1E5-97EEA0C669CD}.Debug|iPhoneSimulator.Build.0 = Debug|iPhoneSimulator
		{45DA7B47-C579-4BC1-B1E5-97EEA0C669CD}.PlayerDebug|Any CPU.ActiveCfg = PlayerDebug|iPhoneSimulator
		{45DA7B47-C579-4BC1-B1E5-97EEA0C669CD}.PlayerDebug|Any CPU.Build.0 = PlayerDebug|iPhoneSimulator
		{45DA7B47-C579-4BC1-B1E5-97EEA0C669CD}.PlayerDebug|iPhone.ActiveCfg = PlayerDebug|iPhone
		{45DA7B47-C579-4BC1-B1E5-97EEA0C669CD}.PlayerDebug|iPhone.Build.0 = PlayerDebug|iPhone
		{45DA7B47-C579-4BC1-B1E5-97EEA0C669CD}.PlayerDebug|iPhoneSimulator.ActiveCfg = PlayerDebug|iPhoneSimulator
		{45DA7B47-C579-4BC1-B1E5-97EEA0C669CD}.PlayerDebug|iPhoneSimulator.Build.0 = PlayerDebug|iPhoneSimulator
		{45DA7B47-C579-4BC1-B1E5-97EEA0C669CD}.Release|Any CPU.ActiveCfg = Release|iPhone
		{45DA7B47-C579-4BC1-B1E5-97EEA0C669CD}.Release|Any CPU.Build.0 = Release|iPhone
		{45DA7B47-C579-4BC1-B1E5-97EEA0C669CD}.Release|iPhone.ActiveCfg = Release|iPhone
		{45DA7B47-C579-4BC1-B1E5-97EEA0C669CD}.Release|iPhone.Build.0 = Release|iPhone
		{45DA7B47-C579-4BC1-B1E5-97EEA0C669CD}.Release|iPhoneSimulator.ActiveCfg = Release|iPhoneSimulator
		{45DA7B47-C579-4BC1-B1E5-97EEA0C669CD}.Release|iPhoneSimulator.Build.0 = Release|iPhoneSimulator
	EndGlobalSection
	GlobalSection(SolutionProperties) = preSolution
		HideSolutionNode = FALSE
	EndGlobalSection
	GlobalSection(MonoDevelopProperties) = preSolution
		version = 1.5
	EndGlobalSection
EndGlobal
